
Microsoft Visual Studio Solution File, Format Version 12.00
# Visual Studio Version 16
VisualStudioVersion = 16.0.30717.126
MinimumVisualStudioVersion = 10.0.40219.1
Project("{FAE04EC0-301F-11D3-BF4B-00C04F79EFBC}") = "EFDemoWeb", "EFDemoWeb\EFDemoWeb.csproj", "{68115CB0-502A-4034-BCB3-3AF28A25B09D}"
EndProject
Project("{FAE04EC0-301F-11D3-BF4B-00C04F79EFBC}") = "EFDataAccessLibrary", "EFDataAccessLibrary\EFDataAccessLibrary.csproj", "{AACBE596-377B-44ED-8E7D-2365E7E93E3D}"
EndProject
Global
	GlobalSection(SolutionConfigurationPlatforms) = preSolution
		Debug|Any CPU = Debug|Any CPU
		Release|Any CPU = Release|Any CPU
	EndGlobalSection
	GlobalSection(ProjectConfigurationPlatforms) = postSolution
		{68115CB0-502A-4034-BCB3-3AF28A25B09D}.Debug|Any CPU.ActiveCfg = Debug|Any CPU
		{68115CB0-502A-4034-BCB3-3AF28A25B09D}.Debug|Any CPU.Build.0 = Debug|Any CPU
		{68115CB0-502A-4034-BCB3-3AF28A25B09D}.Release|Any CPU.ActiveCfg = Release|Any CPU
		{68115CB0-502A-4034-BCB3-3AF28A25B09D}.Release|Any CPU.Build.0 = Release|Any CPU
		{AACBE596-377B-44ED-8E7D-2365E7E93E3D}.Debug|Any CPU.ActiveCfg = Debug|Any CPU
		{AACBE596-377B-44ED-8E7D-2365E7E93E3D}.Debug|Any CPU.Build.0 = Debug|Any CPU
		{AACBE596-377B-44ED-8E7D-2365E7E93E3D}.Release|Any CPU.ActiveCfg = Release|Any CPU
		{AACBE596-377B-44ED-8E7D-2365E7E93E3D}.Release|Any CPU.Build.0 = Release|Any CPU
	EndGlobalSection
	GlobalSection(SolutionProperties) = preSolution
		HideSolutionNode = FALSE
	EndGlobalSection
	GlobalSection(ExtensibilityGlobals) = postSolution
		SolutionGuid = {B26A4DB2-2E96-4752-B8B8-FFCCE86272E3}
	EndGlobalSection
EndGlobal
